# THIS IS AN AUTOGENERATED FILE. DO NOT EDIT THIS FILE DIRECTLY.
# yarn lockfile v1


jotai@^2.8.0:
  version "2.8.0"
  resolved "https://registry.yarnpkg.com/jotai/-/jotai-2.8.0.tgz#5a6585cd5576c400c2c5f8e157b83ad2ba70b2ab"
  integrity sha512-yZNMC36FdLOksOr8qga0yLf14miCJlEThlp5DeFJNnqzm2+ZG7wLcJzoOyij5K6U6Xlc5ljQqPDlJRgqW0Y18g==

redux@^5.0.1:
  version "5.0.1"
  resolved "https://registry.yarnpkg.com/redux/-/redux-5.0.1.tgz#97fa26881ce5746500125585d5642c77b6e9447b"
  integrity sha512-M9/ELqF6fy8FwmkpnF0S3YKOqMyoWJ4+CS5Efg2ct3oY9daQvd/Pc71FpGZsVsbl3Cpb+IIcjBDUnnyBdQbq4w==
